
Microsoft Visual Studio Solution File, Format Version 12.00
# Visual Studio 2013
VisualStudioVersion = 12.0.40629.0
MinimumVisualStudioVersion = 10.0.40219.1
Project("{2150E333-8FDC-42A3-9474-1A3956D46DE8}") = "Api", "Api", "{95F88F17-D7BE-4503-9BE0-B4C8D1FFAAEC}"
EndProject
Project("{2150E333-8FDC-42A3-9474-1A3956D46DE8}") = "Engine", "Engine", "{094048D0-200E-4DF5-B0CF-DBCA921BFDB9}"
EndProject
Project("{2150E333-8FDC-42A3-9474-1A3956D46DE8}") = "Library", "Library", "{C3F2D6CB-D1FB-4133-81A2-F128506ED265}"
EndProject
Project("{2150E333-8FDC-42A3-9474-1A3956D46DE8}") = "Service", "Service", "{46D35128-C5B0-43B9-B9DC-41922B5CA43A}"
EndProject
Project("{2150E333-8FDC-42A3-9474-1A3956D46DE8}") = "Business", "Business", "{BF1E92E2-B369-4642-8928-7901145F70CB}"
EndProject
Project("{2150E333-8FDC-42A3-9474-1A3956D46DE8}") = "Data", "Data", "{B86D31A9-BC45-459F-A104-E3F2F5027682}"
EndProject
Project("{FAE04EC0-301F-11D3-BF4B-00C04F79EFBC}") = "PM.Api", "Api\PM.Api\PM.Api.csproj", "{05E6BCE0-25A8-4AF9-A9DA-96E423C1F5B4}"
EndProject
Project("{FAE04EC0-301F-11D3-BF4B-00C04F79EFBC}") = "Library.Api.Authentication", "Library\Api\Library.Api.Authentication\Library.Api.Authentication.csproj", "{C9299611-86F7-41B5-BB33-1EEAFBBB3C2E}"
EndProject
Project("{FAE04EC0-301F-11D3-BF4B-00C04F79EFBC}") = "Library.Api.Handler", "Library\Api\Library.Api.Handler\Library.Api.Handler.csproj", "{B3555785-1382-409B-A258-90D166BF4BC1}"
EndProject
Project("{FAE04EC0-301F-11D3-BF4B-00C04F79EFBC}") = "Library.Api.Model", "Library\Api\Library.Api.Model\Library.Api.Model.csproj", "{806B0F76-6D77-4FED-B3E0-436A38EED5D1}"
EndProject
Project("{FAE04EC0-301F-11D3-BF4B-00C04F79EFBC}") = "OStore.Data", "Engine\Data\OStore.Data\OStore.Data.csproj", "{FE78EA62-14E2-4991-81A0-15A36E40DF4A}"
EndProject
Project("{FAE04EC0-301F-11D3-BF4B-00C04F79EFBC}") = "PM.Service", "Engine\Service\PM.Service\PM.Service.csproj", "{345F2389-38B0-4667-9824-478146E3CC2D}"
EndProject
Project("{FAE04EC0-301F-11D3-BF4B-00C04F79EFBC}") = "OM.Service", "Engine\Service\OM.Service\OM.Service.csproj", "{D751BC06-3E16-4028-A0E9-8B65D985F879}"
EndProject
Project("{FAE04EC0-301F-11D3-BF4B-00C04F79EFBC}") = "IM.Service", "Engine\Service\IM.Service\IM.Service.csproj", "{A9337620-9EDE-48D3-A84F-75458AB7752E}"
EndProject
Project("{FAE04EC0-301F-11D3-BF4B-00C04F79EFBC}") = "PM.Business", "Engine\Business\PM.Business\PM.Business.csproj", "{52087697-534B-4A80-B356-0449870EE904}"
EndProject
Project("{FAE04EC0-301F-11D3-BF4B-00C04F79EFBC}") = "OM.Business", "Engine\Business\OM.Business\OM.Business.csproj", "{CD172D9F-DC49-413E-B21B-96C4D7F7A5E9}"
EndProject
Project("{FAE04EC0-301F-11D3-BF4B-00C04F79EFBC}") = "IM.Business", "Engine\Business\IM.Business\IM.Business.csproj", "{3F6077F2-7196-467F-8A62-E5D9479E32E5}"
EndProject
Project("{2150E333-8FDC-42A3-9474-1A3956D46DE8}") = "Api", "Api", "{9EC5AB02-9C63-44AD-8A9C-4CFD350A6DF2}"
EndProject
Project("{2150E333-8FDC-42A3-9474-1A3956D46DE8}") = "Model", "Model", "{95344A07-2622-4D76-BA48-CF8ABE252299}"
EndProject
Project("{FAE04EC0-301F-11D3-BF4B-00C04F79EFBC}") = "OStore.Model", "Engine\Model\OStore.Model\OStore.Model.csproj", "{2DE192FF-0403-4729-8165-5624EE2613FF}"
EndProject
Project("{FAE04EC0-301F-11D3-BF4B-00C04F79EFBC}") = "Library.Business", "Library\Business\Library.Business\Library.Business.csproj", "{CA4413A5-098F-4F45-A64F-F2A7DC392937}"
EndProject
Project("{2150E333-8FDC-42A3-9474-1A3956D46DE8}") = "Business", "Business", "{7E6B6AB6-29BA-4037-98AC-450995DED4BF}"
EndProject
Project("{FAE04EC0-301F-11D3-BF4B-00C04F79EFBC}") = "Library.Api.Controller", "Library\Api\Library.Api.Controller\Library.Api.Controller.csproj", "{39EE69BA-3778-4E35-B369-B6EDCA656DEB}"
EndProject
Project("{2150E333-8FDC-42A3-9474-1A3956D46DE8}") = "Helper", "Helper", "{3E941E83-7A74-4CA8-B34F-4AC0897DFBBA}"
EndProject
Project("{FAE04EC0-301F-11D3-BF4B-00C04F79EFBC}") = "Library.Helper.Cryptogram", "Library\Helper\Library.Helper.Cryptogram\Library.Helper.Cryptogram.csproj", "{DC771EBA-C73E-458A-BC5F-55BE36F2BDB4}"
EndProject
Project("{FAE04EC0-301F-11D3-BF4B-00C04F79EFBC}") = "Library.Helper.Token", "Library\Helper\Library.Helper.Tokten\Library.Helper.Token.csproj", "{2DF53BFA-12A9-45FD-B161-C7B479BAAABA}"
EndProject
Project("{FAE04EC0-301F-11D3-BF4B-00C04F79EFBC}") = "Library.Helper.Token.Client", "Library\Helper\Library.Helper.Tokten.Client\Library.Helper.Token.Client.csproj", "{F8543C9B-1F54-4FA1-AB8B-158F2EECBB13}"
EndProject
Project("{2150E333-8FDC-42A3-9474-1A3956D46DE8}") = "Web", "Web", "{60B8B334-DA72-4EBA-B3D8-D30D9400C73A}"
EndProject
Project("{FAE04EC0-301F-11D3-BF4B-00C04F79EFBC}") = "Store", "Web\Store\Store.csproj", "{233F9EE8-9733-4B42-A708-A99A9C45B502}"
EndProject
Project("{FAE04EC0-301F-11D3-BF4B-00C04F79EFBC}") = "Library.Api.Request", "Library\Api\Library.Api.Request\Library.Api.Request.csproj", "{97A80B3F-F33F-4B50-87DE-BE70ADD46289}"
EndProject
Project("{FAE04EC0-301F-11D3-BF4B-00C04F79EFBC}") = "AT.Business", "Engine\Business\AT.Business\AT.Business.csproj", "{5D980C21-E73C-4D62-8817-E4B6FFDED0E5}"
EndProject
Project("{FAE04EC0-301F-11D3-BF4B-00C04F79EFBC}") = "AT.Api", "Api\AT.Api\AT.Api\AT.Api.csproj", "{4D65142C-E32E-457F-880E-27A648ACEDF9}"
EndProject
Project("{FAE04EC0-301F-11D3-BF4B-00C04F79EFBC}") = "AT.Service", "Engine\Service\AT.Service\AT.Service.csproj", "{39BAA4A7-F947-49D8-9D6D-EFAE605D6E2B}"
EndProject
Project("{FAE04EC0-301F-11D3-BF4B-00C04F79EFBC}") = "OStore", "Web\OStore\OStore.csproj", "{CEE973D5-3804-40BF-89DC-F3E48DA3FFFC}"
EndProject
Project("{FAE04EC0-301F-11D3-BF4B-00C04F79EFBC}") = "OM.Api", "Api\OM.Api\OM.Api.csproj", "{BA389C73-0DEF-4794-B69C-DA43F3E6B994}"
EndProject
Project("{FAE04EC0-301F-11D3-BF4B-00C04F79EFBC}") = "IM.Api", "Api\IM.Api\IM.Api.csproj", "{7A4FF87A-38FE-47BD-A9FD-40861DB668A5}"
EndProject
Global
	GlobalSection(SolutionConfigurationPlatforms) = preSolution
		Debug|Any CPU = Debug|Any CPU
		Release|Any CPU = Release|Any CPU
	EndGlobalSection
	GlobalSection(ProjectConfigurationPlatforms) = postSolution
		{05E6BCE0-25A8-4AF9-A9DA-96E423C1F5B4}.Debug|Any CPU.ActiveCfg = Debug|Any CPU
		{05E6BCE0-25A8-4AF9-A9DA-96E423C1F5B4}.Debug|Any CPU.Build.0 = Debug|Any CPU
		{05E6BCE0-25A8-4AF9-A9DA-96E423C1F5B4}.Release|Any CPU.ActiveCfg = Release|Any CPU
		{05E6BCE0-25A8-4AF9-A9DA-96E423C1F5B4}.Release|Any CPU.Build.0 = Release|Any CPU
		{C9299611-86F7-41B5-BB33-1EEAFBBB3C2E}.Debug|Any CPU.ActiveCfg = Debug|Any CPU
		{C9299611-86F7-41B5-BB33-1EEAFBBB3C2E}.Debug|Any CPU.Build.0 = Debug|Any CPU
		{C9299611-86F7-41B5-BB33-1EEAFBBB3C2E}.Release|Any CPU.ActiveCfg = Release|Any CPU
		{C9299611-86F7-41B5-BB33-1EEAFBBB3C2E}.Release|Any CPU.Build.0 = Release|Any CPU
		{B3555785-1382-409B-A258-90D166BF4BC1}.Debug|Any CPU.ActiveCfg = Debug|Any CPU
		{B3555785-1382-409B-A258-90D166BF4BC1}.Debug|Any CPU.Build.0 = Debug|Any CPU
		{B3555785-1382-409B-A258-90D166BF4BC1}.Release|Any CPU.ActiveCfg = Release|Any CPU
		{B3555785-1382-409B-A258-90D166BF4BC1}.Release|Any CPU.Build.0 = Release|Any CPU
		{806B0F76-6D77-4FED-B3E0-436A38EED5D1}.Debug|Any CPU.ActiveCfg = Debug|Any CPU
		{806B0F76-6D77-4FED-B3E0-436A38EED5D1}.Debug|Any CPU.Build.0 = Debug|Any CPU
		{806B0F76-6D77-4FED-B3E0-436A38EED5D1}.Release|Any CPU.ActiveCfg = Release|Any CPU
		{806B0F76-6D77-4FED-B3E0-436A38EED5D1}.Release|Any CPU.Build.0 = Release|Any CPU
		{FE78EA62-14E2-4991-81A0-15A36E40DF4A}.Debug|Any CPU.ActiveCfg = Debug|Any CPU
		{FE78EA62-14E2-4991-81A0-15A36E40DF4A}.Debug|Any CPU.Build.0 = Debug|Any CPU
		{FE78EA62-14E2-4991-81A0-15A36E40DF4A}.Release|Any CPU.ActiveCfg = Release|Any CPU
		{FE78EA62-14E2-4991-81A0-15A36E40DF4A}.Release|Any CPU.Build.0 = Release|Any CPU
		{345F2389-38B0-4667-9824-478146E3CC2D}.Debug|Any CPU.ActiveCfg = Debug|Any CPU
		{345F2389-38B0-4667-9824-478146E3CC2D}.Debug|Any CPU.Build.0 = Debug|Any CPU
		{345F2389-38B0-4667-9824-478146E3CC2D}.Release|Any CPU.ActiveCfg = Release|Any CPU
		{345F2389-38B0-4667-9824-478146E3CC2D}.Release|Any CPU.Build.0 = Release|Any CPU
		{D751BC06-3E16-4028-A0E9-8B65D985F879}.Debug|Any CPU.ActiveCfg = Debug|Any CPU
		{D751BC06-3E16-4028-A0E9-8B65D985F879}.Debug|Any CPU.Build.0 = Debug|Any CPU
		{D751BC06-3E16-4028-A0E9-8B65D985F879}.Release|Any CPU.ActiveCfg = Release|Any CPU
		{D751BC06-3E16-4028-A0E9-8B65D985F879}.Release|Any CPU.Build.0 = Release|Any CPU
		{A9337620-9EDE-48D3-A84F-75458AB7752E}.Debug|Any CPU.ActiveCfg = Debug|Any CPU
		{A9337620-9EDE-48D3-A84F-75458AB7752E}.Debug|Any CPU.Build.0 = Debug|Any CPU
		{A9337620-9EDE-48D3-A84F-75458AB7752E}.Release|Any CPU.ActiveCfg = Release|Any CPU
		{A9337620-9EDE-48D3-A84F-75458AB7752E}.Release|Any CPU.Build.0 = Release|Any CPU
		{52087697-534B-4A80-B356-0449870EE904}.Debug|Any CPU.ActiveCfg = Debug|Any CPU
		{52087697-534B-4A80-B356-0449870EE904}.Debug|Any CPU.Build.0 = Debug|Any CPU
		{52087697-534B-4A80-B356-0449870EE904}.Release|Any CPU.ActiveCfg = Release|Any CPU
		{52087697-534B-4A80-B356-0449870EE904}.Release|Any CPU.Build.0 = Release|Any CPU
		{CD172D9F-DC49-413E-B21B-96C4D7F7A5E9}.Debug|Any CPU.ActiveCfg = Debug|Any CPU
		{CD172D9F-DC49-413E-B21B-96C4D7F7A5E9}.Debug|Any CPU.Build.0 = Debug|Any CPU
		{CD172D9F-DC49-413E-B21B-96C4D7F7A5E9}.Release|Any CPU.ActiveCfg = Release|Any CPU
		{CD172D9F-DC49-413E-B21B-96C4D7F7A5E9}.Release|Any CPU.Build.0 = Release|Any CPU
		{3F6077F2-7196-467F-8A62-E5D9479E32E5}.Debug|Any CPU.ActiveCfg = Debug|Any CPU
		{3F6077F2-7196-467F-8A62-E5D9479E32E5}.Debug|Any CPU.Build.0 = Debug|Any CPU
		{3F6077F2-7196-467F-8A62-E5D9479E32E5}.Release|Any CPU.ActiveCfg = Release|Any CPU
		{3F6077F2-7196-467F-8A62-E5D9479E32E5}.Release|Any CPU.Build.0 = Release|Any CPU
		{2DE192FF-0403-4729-8165-5624EE2613FF}.Debug|Any CPU.ActiveCfg = Debug|Any CPU
		{2DE192FF-0403-4729-8165-5624EE2613FF}.Debug|Any CPU.Build.0 = Debug|Any CPU
		{2DE192FF-0403-4729-8165-5624EE2613FF}.Release|Any CPU.ActiveCfg = Release|Any CPU
		{2DE192FF-0403-4729-8165-5624EE2613FF}.Release|Any CPU.Build.0 = Release|Any CPU
		{CA4413A5-098F-4F45-A64F-F2A7DC392937}.Debug|Any CPU.ActiveCfg = Debug|Any CPU
		{CA4413A5-098F-4F45-A64F-F2A7DC392937}.Debug|Any CPU.Build.0 = Debug|Any CPU
		{CA4413A5-098F-4F45-A64F-F2A7DC392937}.Release|Any CPU.ActiveCfg = Release|Any CPU
		{CA4413A5-098F-4F45-A64F-F2A7DC392937}.Release|Any CPU.Build.0 = Release|Any CPU
		{39EE69BA-3778-4E35-B369-B6EDCA656DEB}.Debug|Any CPU.ActiveCfg = Debug|Any CPU
		{39EE69BA-3778-4E35-B369-B6EDCA656DEB}.Debug|Any CPU.Build.0 = Debug|Any CPU
		{39EE69BA-3778-4E35-B369-B6EDCA656DEB}.Release|Any CPU.ActiveCfg = Release|Any CPU
		{39EE69BA-3778-4E35-B369-B6EDCA656DEB}.Release|Any CPU.Build.0 = Release|Any CPU
		{DC771EBA-C73E-458A-BC5F-55BE36F2BDB4}.Debug|Any CPU.ActiveCfg = Debug|Any CPU
		{DC771EBA-C73E-458A-BC5F-55BE36F2BDB4}.Debug|Any CPU.Build.0 = Debug|Any CPU
		{DC771EBA-C73E-458A-BC5F-55BE36F2BDB4}.Release|Any CPU.ActiveCfg = Release|Any CPU
		{DC771EBA-C73E-458A-BC5F-55BE36F2BDB4}.Release|Any CPU.Build.0 = Release|Any CPU
		{2DF53BFA-12A9-45FD-B161-C7B479BAAABA}.Debug|Any CPU.ActiveCfg = Debug|Any CPU
		{2DF53BFA-12A9-45FD-B161-C7B479BAAABA}.Debug|Any CPU.Build.0 = Debug|Any CPU
		{2DF53BFA-12A9-45FD-B161-C7B479BAAABA}.Release|Any CPU.ActiveCfg = Release|Any CPU
		{2DF53BFA-12A9-45FD-B161-C7B479BAAABA}.Release|Any CPU.Build.0 = Release|Any CPU
		{F8543C9B-1F54-4FA1-AB8B-158F2EECBB13}.Debug|Any CPU.ActiveCfg = Debug|Any CPU
		{F8543C9B-1F54-4FA1-AB8B-158F2EECBB13}.Debug|Any CPU.Build.0 = Debug|Any CPU
		{F8543C9B-1F54-4FA1-AB8B-158F2EECBB13}.Release|Any CPU.ActiveCfg = Release|Any CPU
		{F8543C9B-1F54-4FA1-AB8B-158F2EECBB13}.Release|Any CPU.Build.0 = Release|Any CPU
		{233F9EE8-9733-4B42-A708-A99A9C45B502}.Debug|Any CPU.ActiveCfg = Debug|Any CPU
		{233F9EE8-9733-4B42-A708-A99A9C45B502}.Debug|Any CPU.Build.0 = Debug|Any CPU
		{233F9EE8-9733-4B42-A708-A99A9C45B502}.Release|Any CPU.ActiveCfg = Release|Any CPU
		{233F9EE8-9733-4B42-A708-A99A9C45B502}.Release|Any CPU.Build.0 = Release|Any CPU
		{97A80B3F-F33F-4B50-87DE-BE70ADD46289}.Debug|Any CPU.ActiveCfg = Debug|Any CPU
		{97A80B3F-F33F-4B50-87DE-BE70ADD46289}.Debug|Any CPU.Build.0 = Debug|Any CPU
		{97A80B3F-F33F-4B50-87DE-BE70ADD46289}.Release|Any CPU.ActiveCfg = Release|Any CPU
		{97A80B3F-F33F-4B50-87DE-BE70ADD46289}.Release|Any CPU.Build.0 = Release|Any CPU
		{5D980C21-E73C-4D62-8817-E4B6FFDED0E5}.Debug|Any CPU.ActiveCfg = Debug|Any CPU
		{5D980C21-E73C-4D62-8817-E4B6FFDED0E5}.Debug|Any CPU.Build.0 = Debug|Any CPU
		{5D980C21-E73C-4D62-8817-E4B6FFDED0E5}.Release|Any CPU.ActiveCfg = Release|Any CPU
		{5D980C21-E73C-4D62-8817-E4B6FFDED0E5}.Release|Any CPU.Build.0 = Release|Any CPU
		{4D65142C-E32E-457F-880E-27A648ACEDF9}.Debug|Any CPU.ActiveCfg = Debug|Any CPU
		{4D65142C-E32E-457F-880E-27A648ACEDF9}.Debug|Any CPU.Build.0 = Debug|Any CPU
		{4D65142C-E32E-457F-880E-27A648ACEDF9}.Release|Any CPU.ActiveCfg = Release|Any CPU
		{4D65142C-E32E-457F-880E-27A648ACEDF9}.Release|Any CPU.Build.0 = Release|Any CPU
		{39BAA4A7-F947-49D8-9D6D-EFAE605D6E2B}.Debug|Any CPU.ActiveCfg = Debug|Any CPU
		{39BAA4A7-F947-49D8-9D6D-EFAE605D6E2B}.Debug|Any CPU.Build.0 = Debug|Any CPU
		{39BAA4A7-F947-49D8-9D6D-EFAE605D6E2B}.Release|Any CPU.ActiveCfg = Release|Any CPU
		{39BAA4A7-F947-49D8-9D6D-EFAE605D6E2B}.Release|Any CPU.Build.0 = Release|Any CPU
		{CEE973D5-3804-40BF-89DC-F3E48DA3FFFC}.Debug|Any CPU.ActiveCfg = Debug|Any CPU
		{CEE973D5-3804-40BF-89DC-F3E48DA3FFFC}.Debug|Any CPU.Build.0 = Debug|Any CPU
		{CEE973D5-3804-40BF-89DC-F3E48DA3FFFC}.Release|Any CPU.ActiveCfg = Release|Any CPU
		{CEE973D5-3804-40BF-89DC-F3E48DA3FFFC}.Release|Any CPU.Build.0 = Release|Any CPU
		{BA389C73-0DEF-4794-B69C-DA43F3E6B994}.Debug|Any CPU.ActiveCfg = Debug|Any CPU
		{BA389C73-0DEF-4794-B69C-DA43F3E6B994}.Debug|Any CPU.Build.0 = Debug|Any CPU
		{BA389C73-0DEF-4794-B69C-DA43F3E6B994}.Release|Any CPU.ActiveCfg = Release|Any CPU
		{BA389C73-0DEF-4794-B69C-DA43F3E6B994}.Release|Any CPU.Build.0 = Release|Any CPU
		{7A4FF87A-38FE-47BD-A9FD-40861DB668A5}.Debug|Any CPU.ActiveCfg = Debug|Any CPU
		{7A4FF87A-38FE-47BD-A9FD-40861DB668A5}.Debug|Any CPU.Build.0 = Debug|Any CPU
		{7A4FF87A-38FE-47BD-A9FD-40861DB668A5}.Release|Any CPU.ActiveCfg = Release|Any CPU
		{7A4FF87A-38FE-47BD-A9FD-40861DB668A5}.Release|Any CPU.Build.0 = Release|Any CPU
	EndGlobalSection
	GlobalSection(SolutionProperties) = preSolution
		HideSolutionNode = FALSE
	EndGlobalSection
	GlobalSection(NestedProjects) = preSolution
		{46D35128-C5B0-43B9-B9DC-41922B5CA43A} = {094048D0-200E-4DF5-B0CF-DBCA921BFDB9}
		{BF1E92E2-B369-4642-8928-7901145F70CB} = {094048D0-200E-4DF5-B0CF-DBCA921BFDB9}
		{B86D31A9-BC45-459F-A104-E3F2F5027682} = {094048D0-200E-4DF5-B0CF-DBCA921BFDB9}
		{05E6BCE0-25A8-4AF9-A9DA-96E423C1F5B4} = {95F88F17-D7BE-4503-9BE0-B4C8D1FFAAEC}
		{C9299611-86F7-41B5-BB33-1EEAFBBB3C2E} = {9EC5AB02-9C63-44AD-8A9C-4CFD350A6DF2}
		{B3555785-1382-409B-A258-90D166BF4BC1} = {9EC5AB02-9C63-44AD-8A9C-4CFD350A6DF2}
		{806B0F76-6D77-4FED-B3E0-436A38EED5D1} = {9EC5AB02-9C63-44AD-8A9C-4CFD350A6DF2}
		{FE78EA62-14E2-4991-81A0-15A36E40DF4A} = {B86D31A9-BC45-459F-A104-E3F2F5027682}
		{345F2389-38B0-4667-9824-478146E3CC2D} = {46D35128-C5B0-43B9-B9DC-41922B5CA43A}
		{D751BC06-3E16-4028-A0E9-8B65D985F879} = {46D35128-C5B0-43B9-B9DC-41922B5CA43A}
		{A9337620-9EDE-48D3-A84F-75458AB7752E} = {46D35128-C5B0-43B9-B9DC-41922B5CA43A}
		{52087697-534B-4A80-B356-0449870EE904} = {BF1E92E2-B369-4642-8928-7901145F70CB}
		{CD172D9F-DC49-413E-B21B-96C4D7F7A5E9} = {BF1E92E2-B369-4642-8928-7901145F70CB}
		{3F6077F2-7196-467F-8A62-E5D9479E32E5} = {BF1E92E2-B369-4642-8928-7901145F70CB}
		{9EC5AB02-9C63-44AD-8A9C-4CFD350A6DF2} = {C3F2D6CB-D1FB-4133-81A2-F128506ED265}
		{95344A07-2622-4D76-BA48-CF8ABE252299} = {094048D0-200E-4DF5-B0CF-DBCA921BFDB9}
		{2DE192FF-0403-4729-8165-5624EE2613FF} = {95344A07-2622-4D76-BA48-CF8ABE252299}
		{CA4413A5-098F-4F45-A64F-F2A7DC392937} = {7E6B6AB6-29BA-4037-98AC-450995DED4BF}
		{7E6B6AB6-29BA-4037-98AC-450995DED4BF} = {C3F2D6CB-D1FB-4133-81A2-F128506ED265}
		{39EE69BA-3778-4E35-B369-B6EDCA656DEB} = {9EC5AB02-9C63-44AD-8A9C-4CFD350A6DF2}
		{3E941E83-7A74-4CA8-B34F-4AC0897DFBBA} = {C3F2D6CB-D1FB-4133-81A2-F128506ED265}
		{DC771EBA-C73E-458A-BC5F-55BE36F2BDB4} = {3E941E83-7A74-4CA8-B34F-4AC0897DFBBA}
		{2DF53BFA-12A9-45FD-B161-C7B479BAAABA} = {3E941E83-7A74-4CA8-B34F-4AC0897DFBBA}
		{F8543C9B-1F54-4FA1-AB8B-158F2EECBB13} = {3E941E83-7A74-4CA8-B34F-4AC0897DFBBA}
		{233F9EE8-9733-4B42-A708-A99A9C45B502} = {60B8B334-DA72-4EBA-B3D8-D30D9400C73A}
		{97A80B3F-F33F-4B50-87DE-BE70ADD46289} = {9EC5AB02-9C63-44AD-8A9C-4CFD350A6DF2}
		{5D980C21-E73C-4D62-8817-E4B6FFDED0E5} = {BF1E92E2-B369-4642-8928-7901145F70CB}
		{4D65142C-E32E-457F-880E-27A648ACEDF9} = {95F88F17-D7BE-4503-9BE0-B4C8D1FFAAEC}
		{39BAA4A7-F947-49D8-9D6D-EFAE605D6E2B} = {46D35128-C5B0-43B9-B9DC-41922B5CA43A}
		{CEE973D5-3804-40BF-89DC-F3E48DA3FFFC} = {60B8B334-DA72-4EBA-B3D8-D30D9400C73A}
		{BA389C73-0DEF-4794-B69C-DA43F3E6B994} = {95F88F17-D7BE-4503-9BE0-B4C8D1FFAAEC}
		{7A4FF87A-38FE-47BD-A9FD-40861DB668A5} = {95F88F17-D7BE-4503-9BE0-B4C8D1FFAAEC}
	EndGlobalSection
EndGlobal
